
Microsoft Visual Studio Solution File, Format Version 12.00
# Visual Studio Version 17
VisualStudioVersion = 17.1.32210.238
MinimumVisualStudioVersion = 10.0.40219.1
Project("{9A19103F-16F7-4668-BE54-9A1E7A4F7556}") = "PizzaDelivery_V4.Domain2", "..\PizzaDelivery_V4.Domain2\PizzaDelivery_V4.Domain2.csproj", "{084AC19B-9F7E-4288-9629-FA1B4657B6A1}"
	ProjectSection(ProjectDependencies) = postProject
		{5D2EC65D-E6CF-4BB9-A8F1-B96BB376A721} = {5D2EC65D-E6CF-4BB9-A8F1-B96BB376A721}
	EndProjectSection
EndProject
Project("{9A19103F-16F7-4668-BE54-9A1E7A4F7556}") = "PizzaDelivery_V4.Entities", "..\PizzaDelivery_V4.Entities\PizzaDelivery_V4.Entities.csproj", "{65A6D7E6-8478-4435-91AB-9E54422A5B1E}"
EndProject
Project("{9A19103F-16F7-4668-BE54-9A1E7A4F7556}") = "PizzaDelivery_V4.DAL2", "..\PizzaDelivery_V4.DAL2\PizzaDelivery_V4.DAL2.csproj", "{0434FCCB-8CB4-4938-95B2-CF16F9010F58}"
EndProject
Project("{FAE04EC0-301F-11D3-BF4B-00C04F79EFBC}") = "PizzaDelivery_V4", "PizzaDelivery_V4\PizzaDelivery_V4.csproj", "{5D2EC65D-E6CF-4BB9-A8F1-B96BB376A721}"
	ProjectSection(ProjectDependencies) = postProject
		{65A6D7E6-8478-4435-91AB-9E54422A5B1E} = {65A6D7E6-8478-4435-91AB-9E54422A5B1E}
	EndProjectSection
EndProject
Global
	GlobalSection(SolutionConfigurationPlatforms) = preSolution
		Debug|Any CPU = Debug|Any CPU
		Release|Any CPU = Release|Any CPU
	EndGlobalSection
	GlobalSection(ProjectConfigurationPlatforms) = postSolution
		{084AC19B-9F7E-4288-9629-FA1B4657B6A1}.Debug|Any CPU.ActiveCfg = Debug|Any CPU
		{084AC19B-9F7E-4288-9629-FA1B4657B6A1}.Debug|Any CPU.Build.0 = Debug|Any CPU
		{084AC19B-9F7E-4288-9629-FA1B4657B6A1}.Release|Any CPU.ActiveCfg = Release|Any CPU
		{084AC19B-9F7E-4288-9629-FA1B4657B6A1}.Release|Any CPU.Build.0 = Release|Any CPU
		{65A6D7E6-8478-4435-91AB-9E54422A5B1E}.Debug|Any CPU.ActiveCfg = Debug|Any CPU
		{65A6D7E6-8478-4435-91AB-9E54422A5B1E}.Debug|Any CPU.Build.0 = Debug|Any CPU
		{65A6D7E6-8478-4435-91AB-9E54422A5B1E}.Release|Any CPU.ActiveCfg = Release|Any CPU
		{65A6D7E6-8478-4435-91AB-9E54422A5B1E}.Release|Any CPU.Build.0 = Release|Any CPU
		{0434FCCB-8CB4-4938-95B2-CF16F9010F58}.Debug|Any CPU.ActiveCfg = Debug|Any CPU
		{0434FCCB-8CB4-4938-95B2-CF16F9010F58}.Debug|Any CPU.Build.0 = Debug|Any CPU
		{0434FCCB-8CB4-4938-95B2-CF16F9010F58}.Release|Any CPU.ActiveCfg = Release|Any CPU
		{0434FCCB-8CB4-4938-95B2-CF16F9010F58}.Release|Any CPU.Build.0 = Release|Any CPU
		{5D2EC65D-E6CF-4BB9-A8F1-B96BB376A721}.Debug|Any CPU.ActiveCfg = Debug|Any CPU
		{5D2EC65D-E6CF-4BB9-A8F1-B96BB376A721}.Debug|Any CPU.Build.0 = Debug|Any CPU
		{5D2EC65D-E6CF-4BB9-A8F1-B96BB376A721}.Release|Any CPU.ActiveCfg = Release|Any CPU
		{5D2EC65D-E6CF-4BB9-A8F1-B96BB376A721}.Release|Any CPU.Build.0 = Release|Any CPU
	EndGlobalSection
	GlobalSection(SolutionProperties) = preSolution
		HideSolutionNode = FALSE
	EndGlobalSection
	GlobalSection(ExtensibilityGlobals) = postSolution
		SolutionGuid = {FBC7495D-E616-44D7-AA5B-304AF796F0DF}
	EndGlobalSection
EndGlobal
